
Microsoft Visual Studio Solution File, Format Version 12.00
# Visual Studio Version 16
VisualStudioVersion = 16.0.29613.14
MinimumVisualStudioVersion = 10.0.40219.1
Project("{9A19103F-16F7-4668-BE54-9A1E7A4F7556}") = "BeerOverflow.Web", "BeerOverflow\BeerOverflow.Web.csproj", "{39848C83-0612-4EEE-BFF7-7B8EC956DB81}"
EndProject
Project("{9A19103F-16F7-4668-BE54-9A1E7A4F7556}") = "BeerOverflow.Data", "BeerOverflow.Models\BeerOverflow.Data.csproj", "{5EF96BDC-6024-4EA7-BC39-47902C81544D}"
EndProject
Project("{9A19103F-16F7-4668-BE54-9A1E7A4F7556}") = "BeerOverflow.Services", "BeerOverflow.Services\BeerOverflow.Services.csproj", "{724C94A0-382E-449B-AF4C-064D3C311328}"
EndProject
Project("{FAE04EC0-301F-11D3-BF4B-00C04F79EFBC}") = "BeerOverflow.Tests", "BeerOverflow.Tests\BeerOverflow.Tests.csproj", "{CFDF83C4-22D1-4DB5-A583-249CD1E61461}"
EndProject
Global
	GlobalSection(SolutionConfigurationPlatforms) = preSolution
		Debug|Any CPU = Debug|Any CPU
		Release|Any CPU = Release|Any CPU
	EndGlobalSection
	GlobalSection(ProjectConfigurationPlatforms) = postSolution
		{39848C83-0612-4EEE-BFF7-7B8EC956DB81}.Debug|Any CPU.ActiveCfg = Debug|Any CPU
		{39848C83-0612-4EEE-BFF7-7B8EC956DB81}.Debug|Any CPU.Build.0 = Debug|Any CPU
		{39848C83-0612-4EEE-BFF7-7B8EC956DB81}.Release|Any CPU.ActiveCfg = Release|Any CPU
		{39848C83-0612-4EEE-BFF7-7B8EC956DB81}.Release|Any CPU.Build.0 = Release|Any CPU
		{5EF96BDC-6024-4EA7-BC39-47902C81544D}.Debug|Any CPU.ActiveCfg = Debug|Any CPU
		{5EF96BDC-6024-4EA7-BC39-47902C81544D}.Debug|Any CPU.Build.0 = Debug|Any CPU
		{5EF96BDC-6024-4EA7-BC39-47902C81544D}.Release|Any CPU.ActiveCfg = Release|Any CPU
		{5EF96BDC-6024-4EA7-BC39-47902C81544D}.Release|Any CPU.Build.0 = Release|Any CPU
		{724C94A0-382E-449B-AF4C-064D3C311328}.Debug|Any CPU.ActiveCfg = Debug|Any CPU
		{724C94A0-382E-449B-AF4C-064D3C311328}.Debug|Any CPU.Build.0 = Debug|Any CPU
		{724C94A0-382E-449B-AF4C-064D3C311328}.Release|Any CPU.ActiveCfg = Release|Any CPU
		{724C94A0-382E-449B-AF4C-064D3C311328}.Release|Any CPU.Build.0 = Release|Any CPU
		{CFDF83C4-22D1-4DB5-A583-249CD1E61461}.Debug|Any CPU.ActiveCfg = Debug|Any CPU
		{CFDF83C4-22D1-4DB5-A583-249CD1E61461}.Debug|Any CPU.Build.0 = Debug|Any CPU
		{CFDF83C4-22D1-4DB5-A583-249CD1E61461}.Release|Any CPU.ActiveCfg = Release|Any CPU
		{CFDF83C4-22D1-4DB5-A583-249CD1E61461}.Release|Any CPU.Build.0 = Release|Any CPU
	EndGlobalSection
	GlobalSection(SolutionProperties) = preSolution
		HideSolutionNode = FALSE
	EndGlobalSection
	GlobalSection(ExtensibilityGlobals) = postSolution
		SolutionGuid = {79CD87CF-3BB0-438F-85A3-60DA53A221AC}
	EndGlobalSection
EndGlobal
